{
  "name": "FeatureWidget",
  "version": "1.0.0",
  "lockfileVersion": 1,
  "requires": true,
  "dependencies": {
    "@types/arcgis-js-api": {
      "version": "4.8.1",
      "resolved": "https://registry.npmjs.org/@types/arcgis-js-api/-/arcgis-js-api-4.8.1.tgz",
      "integrity": "sha512-NMDY0J0Vg/8i3/89K/o2CABq9uICEA6CZ4Y0YzRIa3WVoXOI2HEWZlZ66wVlUl2IS/7IFUOIG3NpOnw8n4ip3w=="
    }
  }
}
